
Microsoft Visual Studio Solution File, Format Version 12.00
# Visual Studio 15
VisualStudioVersion = 15.0.28307.539
MinimumVisualStudioVersion = 10.0.40219.1
Project("{FAE04EC0-301F-11D3-BF4B-00C04F79EFBC}") = "WpfApp1", "WpfApp1\WpfApp1.csproj", "{1D9E2309-E38D-40E3-B91C-5E7A0EA401C1}"
EndProject
Global
	GlobalSection(SolutionConfigurationPlatforms) = preSolution
		Debug|Any CPU = Debug|Any CPU
		Release|Any CPU = Release|Any CPU
	EndGlobalSection
	GlobalSection(ProjectConfigurationPlatforms) = postSolution
		{1D9E2309-E38D-40E3-B91C-5E7A0EA401C1}.Debug|Any CPU.ActiveCfg = Debug|Any CPU
		{1D9E2309-E38D-40E3-B91C-5E7A0EA401C1}.Debug|Any CPU.Build.0 = Debug|Any CPU
		{1D9E2309-E38D-40E3-B91C-5E7A0EA401C1}.Release|Any CPU.ActiveCfg = Release|Any CPU
		{1D9E2309-E38D-40E3-B91C-5E7A0EA401C1}.Release|Any CPU.Build.0 = Release|Any CPU
	EndGlobalSection
	GlobalSection(SolutionProperties) = preSolution
		HideSolutionNode = FALSE
	EndGlobalSection
	GlobalSection(ExtensibilityGlobals) = postSolution
		SolutionGuid = {F7FF909F-F93A-4771-8A99-82D7F45DE4A1}
	EndGlobalSection
EndGlobal
